
Microsoft Visual Studio Solution File, Format Version 12.00
# Visual Studio Version 16
VisualStudioVersion = 16.0.30621.155
MinimumVisualStudioVersion = 10.0.40219.1
Project("{FAE04EC0-301F-11D3-BF4B-00C04F79EFBC}") = "BethanysPieShopStock.Services.AsmxService", "src\Services\BethanysPieShopStock.Services.AsmxService\BethanysPieShopStock.Services.AsmxService.csproj", "{DC2DB43F-1A32-4F6A-9800-82D8FEB18529}"
EndProject
Global
	GlobalSection(SolutionConfigurationPlatforms) = preSolution
		Debug|Any CPU = Debug|Any CPU
		Release|Any CPU = Release|Any CPU
	EndGlobalSection
	GlobalSection(ProjectConfigurationPlatforms) = postSolution
		{DC2DB43F-1A32-4F6A-9800-82D8FEB18529}.Debug|Any CPU.ActiveCfg = Debug|Any CPU
		{DC2DB43F-1A32-4F6A-9800-82D8FEB18529}.Debug|Any CPU.Build.0 = Debug|Any CPU
		{DC2DB43F-1A32-4F6A-9800-82D8FEB18529}.Release|Any CPU.ActiveCfg = Release|Any CPU
		{DC2DB43F-1A32-4F6A-9800-82D8FEB18529}.Release|Any CPU.Build.0 = Release|Any CPU
	EndGlobalSection
	GlobalSection(SolutionProperties) = preSolution
		HideSolutionNode = FALSE
	EndGlobalSection
	GlobalSection(ExtensibilityGlobals) = postSolution
		SolutionGuid = {5A58869F-E5A0-4C48-8157-61CB92DC8EE9}
	EndGlobalSection
EndGlobal
